
Microsoft Visual Studio Solution File, Format Version 12.00
# Visual Studio 2013
VisualStudioVersion = 12.0.21005.1
MinimumVisualStudioVersion = 10.0.40219.1
Project("{FAE04EC0-301F-11D3-BF4B-00C04F79EFBC}") = "ExitForWindowsFormApp", "ExitForWindowsFormApp\ExitForWindowsFormApp.csproj", "{BE6442BF-1518-4AEA-9852-AC27CBAE1716}"
EndProject
Project("{FAE04EC0-301F-11D3-BF4B-00C04F79EFBC}") = "ExitForConsoleApp", "ExitForConsoleApp\ExitForConsoleApp.csproj", "{441302A6-A442-4E19-A23F-F531D746532D}"
EndProject
Global
	GlobalSection(SolutionConfigurationPlatforms) = preSolution
		Debug|Any CPU = Debug|Any CPU
		Release|Any CPU = Release|Any CPU
	EndGlobalSection
	GlobalSection(ProjectConfigurationPlatforms) = postSolution
		{BE6442BF-1518-4AEA-9852-AC27CBAE1716}.Debug|Any CPU.ActiveCfg = Debug|Any CPU
		{BE6442BF-1518-4AEA-9852-AC27CBAE1716}.Debug|Any CPU.Build.0 = Debug|Any CPU
		{BE6442BF-1518-4AEA-9852-AC27CBAE1716}.Release|Any CPU.ActiveCfg = Release|Any CPU
		{BE6442BF-1518-4AEA-9852-AC27CBAE1716}.Release|Any CPU.Build.0 = Release|Any CPU
		{441302A6-A442-4E19-A23F-F531D746532D}.Debug|Any CPU.ActiveCfg = Debug|Any CPU
		{441302A6-A442-4E19-A23F-F531D746532D}.Debug|Any CPU.Build.0 = Debug|Any CPU
		{441302A6-A442-4E19-A23F-F531D746532D}.Release|Any CPU.ActiveCfg = Release|Any CPU
		{441302A6-A442-4E19-A23F-F531D746532D}.Release|Any CPU.Build.0 = Release|Any CPU
	EndGlobalSection
	GlobalSection(SolutionProperties) = preSolution
		HideSolutionNode = FALSE
	EndGlobalSection
EndGlobal
