
Microsoft Visual Studio Solution File, Format Version 12.00
# Visual Studio 2013
VisualStudioVersion = 12.0.21005.1
MinimumVisualStudioVersion = 10.0.40219.1
Project("{FAE04EC0-301F-11D3-BF4B-00C04F79EFBC}") = "SerializeDeserializeDemo", "SerializeDeserializeDemo\SerializeDeserializeDemo.csproj", "{5375CECB-EB1F-4EED-ADC9-A457E56E396F}"
EndProject
Project("{FAE04EC0-301F-11D3-BF4B-00C04F79EFBC}") = "ConfigurationManagerDemo", "ConfigurationManagerDemo\ConfigurationManagerDemo.csproj", "{62AE3191-78C1-472B-962D-863F297882DC}"
EndProject
Project("{FAE04EC0-301F-11D3-BF4B-00C04F79EFBC}") = "INIReadWriteDemo", "INIReadWriteDemo\INIReadWriteDemo.csproj", "{D66AF5D6-B0FD-4718-B5C2-7CFD5B20C992}"
EndProject
Project("{FAE04EC0-301F-11D3-BF4B-00C04F79EFBC}") = "EventLogDemo", "EventLogDemo\EventLogDemo.csproj", "{43E505B2-B79A-4AB6-8831-E29C9163B333}"
EndProject
Global
	GlobalSection(SolutionConfigurationPlatforms) = preSolution
		Debug|Any CPU = Debug|Any CPU
		Release|Any CPU = Release|Any CPU
	EndGlobalSection
	GlobalSection(ProjectConfigurationPlatforms) = postSolution
		{5375CECB-EB1F-4EED-ADC9-A457E56E396F}.Debug|Any CPU.ActiveCfg = Debug|Any CPU
		{5375CECB-EB1F-4EED-ADC9-A457E56E396F}.Debug|Any CPU.Build.0 = Debug|Any CPU
		{5375CECB-EB1F-4EED-ADC9-A457E56E396F}.Release|Any CPU.ActiveCfg = Release|Any CPU
		{5375CECB-EB1F-4EED-ADC9-A457E56E396F}.Release|Any CPU.Build.0 = Release|Any CPU
		{62AE3191-78C1-472B-962D-863F297882DC}.Debug|Any CPU.ActiveCfg = Debug|Any CPU
		{62AE3191-78C1-472B-962D-863F297882DC}.Debug|Any CPU.Build.0 = Debug|Any CPU
		{62AE3191-78C1-472B-962D-863F297882DC}.Release|Any CPU.ActiveCfg = Release|Any CPU
		{62AE3191-78C1-472B-962D-863F297882DC}.Release|Any CPU.Build.0 = Release|Any CPU
		{D66AF5D6-B0FD-4718-B5C2-7CFD5B20C992}.Debug|Any CPU.ActiveCfg = Debug|Any CPU
		{D66AF5D6-B0FD-4718-B5C2-7CFD5B20C992}.Debug|Any CPU.Build.0 = Debug|Any CPU
		{D66AF5D6-B0FD-4718-B5C2-7CFD5B20C992}.Release|Any CPU.ActiveCfg = Release|Any CPU
		{D66AF5D6-B0FD-4718-B5C2-7CFD5B20C992}.Release|Any CPU.Build.0 = Release|Any CPU
		{43E505B2-B79A-4AB6-8831-E29C9163B333}.Debug|Any CPU.ActiveCfg = Debug|Any CPU
		{43E505B2-B79A-4AB6-8831-E29C9163B333}.Debug|Any CPU.Build.0 = Debug|Any CPU
		{43E505B2-B79A-4AB6-8831-E29C9163B333}.Release|Any CPU.ActiveCfg = Release|Any CPU
		{43E505B2-B79A-4AB6-8831-E29C9163B333}.Release|Any CPU.Build.0 = Release|Any CPU
	EndGlobalSection
	GlobalSection(SolutionProperties) = preSolution
		HideSolutionNode = FALSE
	EndGlobalSection
EndGlobal
